
Microsoft Visual Studio Solution File, Format Version 12.00
# Visual Studio Version 17
VisualStudioVersion = 17.0.32014.148
MinimumVisualStudioVersion = 10.0.40219.1
Project("{9A19103F-16F7-4668-BE54-9A1E7A4F7556}") = "FirstProject", "FirstProject\FirstProject.csproj", "{B58BEDDE-B009-4212-8F5A-B40E0EF5C4C5}"
EndProject
Project("{9A19103F-16F7-4668-BE54-9A1E7A4F7556}") = "ClassObjectInstance", "ClassObjectInstance\ClassObjectInstance.csproj", "{A02EC332-8262-4188-AB8B-F7ADE5754F88}"
EndProject
Project("{9A19103F-16F7-4668-BE54-9A1E7A4F7556}") = "Example01_ClassObjectInstance", "Example01_ClassObjectInstance\Example01_ClassObjectInstance.csproj", "{92686942-70C6-4D23-8883-7ECA400B0A39}"
EndProject
Project("{9A19103F-16F7-4668-BE54-9A1E7A4F7556}") = "InstantiationExample", "InstantiationExample\InstantiationExample.csproj", "{265E4E70-5621-4D31-B7AD-820BE31617AF}"
EndProject
Project("{9A19103F-16F7-4668-BE54-9A1E7A4F7556}") = "Methods", "Methods\Methods.csproj", "{05B3A548-C758-47C6-A08E-96DD3270D17C}"
EndProject
Project("{9A19103F-16F7-4668-BE54-9A1E7A4F7556}") = "Operators", "Operators\Operators.csproj", "{6C003236-9B6D-4239-8668-A332264077A4}"
EndProject
Project("{2150E333-8FDC-42A3-9474-1A3956D46DE8}") = "Solution Items", "Solution Items", "{DB6F62F6-7A22-4247-9660-D44F8B6D1AD1}"
	ProjectSection(SolutionItems) = preProject
		Statement_If\Statement_If.csproj = Statement_If\Statement_If.csproj
	EndProjectSection
EndProject
Project("{9A19103F-16F7-4668-BE54-9A1E7A4F7556}") = "Statement_If", "Statement_If\Statement_If.csproj", "{C373FB22-58D6-44F1-88FF-0D5C2699D167}"
EndProject
Project("{9A19103F-16F7-4668-BE54-9A1E7A4F7556}") = "Variables", "Variables\Variables.csproj", "{BFF07883-70D0-4AD7-A1F6-C3AA45990BF3}"
EndProject
Project("{9A19103F-16F7-4668-BE54-9A1E7A4F7556}") = "OperatorMethods", "OperatorMethods\OperatorMethods.csproj", "{0C335613-7927-4030-BB5A-19A14E8A642D}"
EndProject
Project("{9A19103F-16F7-4668-BE54-9A1E7A4F7556}") = "Array", "Array\Array.csproj", "{017DD0DC-32DE-47EF-8CD0-4E1913BD7608}"
EndProject
Project("{9A19103F-16F7-4668-BE54-9A1E7A4F7556}") = "Statement_Loops", "Statement_Loops\Statement_Loops.csproj", "{65ECAAD5-8318-488A-A668-FBB13D3FBCCB}"
EndProject
Project("{9A19103F-16F7-4668-BE54-9A1E7A4F7556}") = "Example02_Array2D", "Example02_Array2D\Example02_Array2D.csproj", "{262D50EA-E232-4672-833C-A8882945900C}"
EndProject
Project("{9A19103F-16F7-4668-BE54-9A1E7A4F7556}") = "Example03_DynamicArray", "Example03_DynamicArray\Example03_DynamicArray.csproj", "{56D29F87-E5A6-4BB9-82EA-6FD223C00192}"
EndProject
Project("{9A19103F-16F7-4668-BE54-9A1E7A4F7556}") = "GenericCollections", "GenericCollections\GenericCollections.csproj", "{2BE089A4-09BF-46C4-A360-3CD9D04B2DF4}"
EndProject
Project("{9A19103F-16F7-4668-BE54-9A1E7A4F7556}") = "Enum_SwitchCase", "Enum_SwitchCase\Enum_SwitchCase.csproj", "{90A54E87-19FA-4D1D-9462-DD411EA6CF63}"
EndProject
Project("{9A19103F-16F7-4668-BE54-9A1E7A4F7556}") = "Example04_HorseRacing", "Example4_HorseRacing\Example04_HorseRacing.csproj", "{F818CB70-66CB-4284-9F13-86E7A956B3A0}"
EndProject
Project("{9A19103F-16F7-4668-BE54-9A1E7A4F7556}") = "Structure", "Structure\Structure.csproj", "{5B980FBF-3EBB-4AB3-9AA5-3D8732406E6F}"
EndProject
Project("{8BC9CEB8-8B4A-11D0-8D11-00A0C91BC942}") = "GCTest", "GCTest\GCTest.vcxproj", "{678D7E7F-1429-4B7B-BCD5-C260D28B075D}"
EndProject
Project("{9A19103F-16F7-4668-BE54-9A1E7A4F7556}") = "ClassInheritance", "ClassInheritance\ClassInheritance.csproj", "{6139A60A-F97A-4A9F-A083-8AA123ED8441}"
EndProject
Project("{9A19103F-16F7-4668-BE54-9A1E7A4F7556}") = "Delegate", "Delegate\Delegate.csproj", "{7665D9B4-8394-4904-852A-806D7AE75F14}"
EndProject
Project("{9A19103F-16F7-4668-BE54-9A1E7A4F7556}") = "Example05_DiceGame", "Example04_DiceGame\Example05_DiceGame.csproj", "{23D37684-F661-4200-AB7E-9B91C5EDCE3B}"
EndProject
Project("{9A19103F-16F7-4668-BE54-9A1E7A4F7556}") = "Example06_MyLinkedList", "Example06_MyLinkedList\Example06_MyLinkedList.csproj", "{A0DE7389-A168-4DDA-A6D1-7423EB4A84FE}"
EndProject
Project("{9A19103F-16F7-4668-BE54-9A1E7A4F7556}") = "Example07_MyHashtable", "Example07_MyHashTable\Example07_MyHashtable.csproj", "{D89B6DE7-E7A3-4DCC-9CA5-2784B882D6C7}"
EndProject
Project("{9A19103F-16F7-4668-BE54-9A1E7A4F7556}") = "Example08_MyBinaryTree", "Example08_MyBinaryTree\Example08_MyBinaryTree.csproj", "{21195C31-3C97-4127-88F7-BBD76E3E33C3}"
EndProject
Project("{FAE04EC0-301F-11D3-BF4B-00C04F79EFBC}") = "SortAlgorithms", "SortAlgorithms\SortAlgorithms.csproj", "{391B3534-66FB-4CF2-9673-03ADC360D0BA}"
EndProject
Global
	GlobalSection(SolutionConfigurationPlatforms) = preSolution
		Debug|Any CPU = Debug|Any CPU
		Debug|x64 = Debug|x64
		Debug|x86 = Debug|x86
		Release|Any CPU = Release|Any CPU
		Release|x64 = Release|x64
		Release|x86 = Release|x86
	EndGlobalSection
	GlobalSection(ProjectConfigurationPlatforms) = postSolution
		{B58BEDDE-B009-4212-8F5A-B40E0EF5C4C5}.Debug|Any CPU.ActiveCfg = Debug|Any CPU
		{B58BEDDE-B009-4212-8F5A-B40E0EF5C4C5}.Debug|Any CPU.Build.0 = Debug|Any CPU
		{B58BEDDE-B009-4212-8F5A-B40E0EF5C4C5}.Debug|x64.ActiveCfg = Debug|Any CPU
		{B58BEDDE-B009-4212-8F5A-B40E0EF5C4C5}.Debug|x64.Build.0 = Debug|Any CPU
		{B58BEDDE-B009-4212-8F5A-B40E0EF5C4C5}.Debug|x86.ActiveCfg = Debug|Any CPU
		{B58BEDDE-B009-4212-8F5A-B40E0EF5C4C5}.Debug|x86.Build.0 = Debug|Any CPU
		{B58BEDDE-B009-4212-8F5A-B40E0EF5C4C5}.Release|Any CPU.ActiveCfg = Release|Any CPU
		{B58BEDDE-B009-4212-8F5A-B40E0EF5C4C5}.Release|Any CPU.Build.0 = Release|Any CPU
		{B58BEDDE-B009-4212-8F5A-B40E0EF5C4C5}.Release|x64.ActiveCfg = Release|Any CPU
		{B58BEDDE-B009-4212-8F5A-B40E0EF5C4C5}.Release|x64.Build.0 = Release|Any CPU
		{B58BEDDE-B009-4212-8F5A-B40E0EF5C4C5}.Release|x86.ActiveCfg = Release|Any CPU
		{B58BEDDE-B009-4212-8F5A-B40E0EF5C4C5}.Release|x86.Build.0 = Release|Any CPU
		{A02EC332-8262-4188-AB8B-F7ADE5754F88}.Debug|Any CPU.ActiveCfg = Debug|Any CPU
		{A02EC332-8262-4188-AB8B-F7ADE5754F88}.Debug|Any CPU.Build.0 = Debug|Any CPU
		{A02EC332-8262-4188-AB8B-F7ADE5754F88}.Debug|x64.ActiveCfg = Debug|Any CPU
		{A02EC332-8262-4188-AB8B-F7ADE5754F88}.Debug|x64.Build.0 = Debug|Any CPU
		{A02EC332-8262-4188-AB8B-F7ADE5754F88}.Debug|x86.ActiveCfg = Debug|Any CPU
		{A02EC332-8262-4188-AB8B-F7ADE5754F88}.Debug|x86.Build.0 = Debug|Any CPU
		{A02EC332-8262-4188-AB8B-F7ADE5754F88}.Release|Any CPU.ActiveCfg = Release|Any CPU
		{A02EC332-8262-4188-AB8B-F7ADE5754F88}.Release|Any CPU.Build.0 = Release|Any CPU
		{A02EC332-8262-4188-AB8B-F7ADE5754F88}.Release|x64.ActiveCfg = Release|Any CPU
		{A02EC332-8262-4188-AB8B-F7ADE5754F88}.Release|x64.Build.0 = Release|Any CPU
		{A02EC332-8262-4188-AB8B-F7ADE5754F88}.Release|x86.ActiveCfg = Release|Any CPU
		{A02EC332-8262-4188-AB8B-F7ADE5754F88}.Release|x86.Build.0 = Release|Any CPU
		{92686942-70C6-4D23-8883-7ECA400B0A39}.Debug|Any CPU.ActiveCfg = Debug|Any CPU
		{92686942-70C6-4D23-8883-7ECA400B0A39}.Debug|Any CPU.Build.0 = Debug|Any CPU
		{92686942-70C6-4D23-8883-7ECA400B0A39}.Debug|x64.ActiveCfg = Debug|Any CPU
		{92686942-70C6-4D23-8883-7ECA400B0A39}.Debug|x64.Build.0 = Debug|Any CPU
		{92686942-70C6-4D23-8883-7ECA400B0A39}.Debug|x86.ActiveCfg = Debug|Any CPU
		{92686942-70C6-4D23-8883-7ECA400B0A39}.Debug|x86.Build.0 = Debug|Any CPU
		{92686942-70C6-4D23-8883-7ECA400B0A39}.Release|Any CPU.ActiveCfg = Release|Any CPU
		{92686942-70C6-4D23-8883-7ECA400B0A39}.Release|Any CPU.Build.0 = Release|Any CPU
		{92686942-70C6-4D23-8883-7ECA400B0A39}.Release|x64.ActiveCfg = Release|Any CPU
		{92686942-70C6-4D23-8883-7ECA400B0A39}.Release|x64.Build.0 = Release|Any CPU
		{92686942-70C6-4D23-8883-7ECA400B0A39}.Release|x86.ActiveCfg = Release|Any CPU
		{92686942-70C6-4D23-8883-7ECA400B0A39}.Release|x86.Build.0 = Release|Any CPU
		{265E4E70-5621-4D31-B7AD-820BE31617AF}.Debug|Any CPU.ActiveCfg = Debug|Any CPU
		{265E4E70-5621-4D31-B7AD-820BE31617AF}.Debug|Any CPU.Build.0 = Debug|Any CPU
		{265E4E70-5621-4D31-B7AD-820BE31617AF}.Debug|x64.ActiveCfg = Debug|Any CPU
		{265E4E70-5621-4D31-B7AD-820BE31617AF}.Debug|x64.Build.0 = Debug|Any CPU
		{265E4E70-5621-4D31-B7AD-820BE31617AF}.Debug|x86.ActiveCfg = Debug|Any CPU
		{265E4E70-5621-4D31-B7AD-820BE31617AF}.Debug|x86.Build.0 = Debug|Any CPU
		{265E4E70-5621-4D31-B7AD-820BE31617AF}.Release|Any CPU.ActiveCfg = Release|Any CPU
		{265E4E70-5621-4D31-B7AD-820BE31617AF}.Release|Any CPU.Build.0 = Release|Any CPU
		{265E4E70-5621-4D31-B7AD-820BE31617AF}.Release|x64.ActiveCfg = Release|Any CPU
		{265E4E70-5621-4D31-B7AD-820BE31617AF}.Release|x64.Build.0 = Release|Any CPU
		{265E4E70-5621-4D31-B7AD-820BE31617AF}.Release|x86.ActiveCfg = Release|Any CPU
		{265E4E70-5621-4D31-B7AD-820BE31617AF}.Release|x86.Build.0 = Release|Any CPU
		{05B3A548-C758-47C6-A08E-96DD3270D17C}.Debug|Any CPU.ActiveCfg = Debug|Any CPU
		{05B3A548-C758-47C6-A08E-96DD3270D17C}.Debug|Any CPU.Build.0 = Debug|Any CPU
		{05B3A548-C758-47C6-A08E-96DD3270D17C}.Debug|x64.ActiveCfg = Debug|Any CPU
		{05B3A548-C758-47C6-A08E-96DD3270D17C}.Debug|x64.Build.0 = Debug|Any CPU
		{05B3A548-C758-47C6-A08E-96DD3270D17C}.Debug|x86.ActiveCfg = Debug|Any CPU
		{05B3A548-C758-47C6-A08E-96DD3270D17C}.Debug|x86.Build.0 = Debug|Any CPU
		{05B3A548-C758-47C6-A08E-96DD3270D17C}.Release|Any CPU.ActiveCfg = Release|Any CPU
		{05B3A548-C758-47C6-A08E-96DD3270D17C}.Release|Any CPU.Build.0 = Release|Any CPU
		{05B3A548-C758-47C6-A08E-96DD3270D17C}.Release|x64.ActiveCfg = Release|Any CPU
		{05B3A548-C758-47C6-A08E-96DD3270D17C}.Release|x64.Build.0 = Release|Any CPU
		{05B3A548-C758-47C6-A08E-96DD3270D17C}.Release|x86.ActiveCfg = Release|Any CPU
		{05B3A548-C758-47C6-A08E-96DD3270D17C}.Release|x86.Build.0 = Release|Any CPU
		{6C003236-9B6D-4239-8668-A332264077A4}.Debug|Any CPU.ActiveCfg = Debug|Any CPU
		{6C003236-9B6D-4239-8668-A332264077A4}.Debug|Any CPU.Build.0 = Debug|Any CPU
		{6C003236-9B6D-4239-8668-A332264077A4}.Debug|x64.ActiveCfg = Debug|Any CPU
		{6C003236-9B6D-4239-8668-A332264077A4}.Debug|x64.Build.0 = Debug|Any CPU
		{6C003236-9B6D-4239-8668-A332264077A4}.Debug|x86.ActiveCfg = Debug|Any CPU
		{6C003236-9B6D-4239-8668-A332264077A4}.Debug|x86.Build.0 = Debug|Any CPU
		{6C003236-9B6D-4239-8668-A332264077A4}.Release|Any CPU.ActiveCfg = Release|Any CPU
		{6C003236-9B6D-4239-8668-A332264077A4}.Release|Any CPU.Build.0 = Release|Any CPU
		{6C003236-9B6D-4239-8668-A332264077A4}.Release|x64.ActiveCfg = Release|Any CPU
		{6C003236-9B6D-4239-8668-A332264077A4}.Release|x64.Build.0 = Release|Any CPU
		{6C003236-9B6D-4239-8668-A332264077A4}.Release|x86.ActiveCfg = Release|Any CPU
		{6C003236-9B6D-4239-8668-A332264077A4}.Release|x86.Build.0 = Release|Any CPU
		{C373FB22-58D6-44F1-88FF-0D5C2699D167}.Debug|Any CPU.ActiveCfg = Debug|Any CPU
		{C373FB22-58D6-44F1-88FF-0D5C2699D167}.Debug|Any CPU.Build.0 = Debug|Any CPU
		{C373FB22-58D6-44F1-88FF-0D5C2699D167}.Debug|x64.ActiveCfg = Debug|Any CPU
		{C373FB22-58D6-44F1-88FF-0D5C2699D167}.Debug|x64.Build.0 = Debug|Any CPU
		{C373FB22-58D6-44F1-88FF-0D5C2699D167}.Debug|x86.ActiveCfg = Debug|Any CPU
		{C373FB22-58D6-44F1-88FF-0D5C2699D167}.Debug|x86.Build.0 = Debug|Any CPU
		{C373FB22-58D6-44F1-88FF-0D5C2699D167}.Release|Any CPU.ActiveCfg = Release|Any CPU
		{C373FB22-58D6-44F1-88FF-0D5C2699D167}.Release|Any CPU.Build.0 = Release|Any CPU
		{C373FB22-58D6-44F1-88FF-0D5C2699D167}.Release|x64.ActiveCfg = Release|Any CPU
		{C373FB22-58D6-44F1-88FF-0D5C2699D167}.Release|x64.Build.0 = Release|Any CPU
		{C373FB22-58D6-44F1-88FF-0D5C2699D167}.Release|x86.ActiveCfg = Release|Any CPU
		{C373FB22-58D6-44F1-88FF-0D5C2699D167}.Release|x86.Build.0 = Release|Any CPU
		{BFF07883-70D0-4AD7-A1F6-C3AA45990BF3}.Debug|Any CPU.ActiveCfg = Debug|Any CPU
		{BFF07883-70D0-4AD7-A1F6-C3AA45990BF3}.Debug|Any CPU.Build.0 = Debug|Any CPU
		{BFF07883-70D0-4AD7-A1F6-C3AA45990BF3}.Debug|x64.ActiveCfg = Debug|Any CPU
		{BFF07883-70D0-4AD7-A1F6-C3AA45990BF3}.Debug|x64.Build.0 = Debug|Any CPU
		{BFF07883-70D0-4AD7-A1F6-C3AA45990BF3}.Debug|x86.ActiveCfg = Debug|Any CPU
		{BFF07883-70D0-4AD7-A1F6-C3AA45990BF3}.Debug|x86.Build.0 = Debug|Any CPU
		{BFF07883-70D0-4AD7-A1F6-C3AA45990BF3}.Release|Any CPU.ActiveCfg = Release|Any CPU
		{BFF07883-70D0-4AD7-A1F6-C3AA45990BF3}.Release|Any CPU.Build.0 = Release|Any CPU
		{BFF07883-70D0-4AD7-A1F6-C3AA45990BF3}.Release|x64.ActiveCfg = Release|Any CPU
		{BFF07883-70D0-4AD7-A1F6-C3AA45990BF3}.Release|x64.Build.0 = Release|Any CPU
		{BFF07883-70D0-4AD7-A1F6-C3AA45990BF3}.Release|x86.ActiveCfg = Release|Any CPU
		{BFF07883-70D0-4AD7-A1F6-C3AA45990BF3}.Release|x86.Build.0 = Release|Any CPU
		{0C335613-7927-4030-BB5A-19A14E8A642D}.Debug|Any CPU.ActiveCfg = Debug|Any CPU
		{0C335613-7927-4030-BB5A-19A14E8A642D}.Debug|Any CPU.Build.0 = Debug|Any CPU
		{0C335613-7927-4030-BB5A-19A14E8A642D}.Debug|x64.ActiveCfg = Debug|Any CPU
		{0C335613-7927-4030-BB5A-19A14E8A642D}.Debug|x64.Build.0 = Debug|Any CPU
		{0C335613-7927-4030-BB5A-19A14E8A642D}.Debug|x86.ActiveCfg = Debug|Any CPU
		{0C335613-7927-4030-BB5A-19A14E8A642D}.Debug|x86.Build.0 = Debug|Any CPU
		{0C335613-7927-4030-BB5A-19A14E8A642D}.Release|Any CPU.ActiveCfg = Release|Any CPU
		{0C335613-7927-4030-BB5A-19A14E8A642D}.Release|Any CPU.Build.0 = Release|Any CPU
		{0C335613-7927-4030-BB5A-19A14E8A642D}.Release|x64.ActiveCfg = Release|Any CPU
		{0C335613-7927-4030-BB5A-19A14E8A642D}.Release|x64.Build.0 = Release|Any CPU
		{0C335613-7927-4030-BB5A-19A14E8A642D}.Release|x86.ActiveCfg = Release|Any CPU
		{0C335613-7927-4030-BB5A-19A14E8A642D}.Release|x86.Build.0 = Release|Any CPU
		{017DD0DC-32DE-47EF-8CD0-4E1913BD7608}.Debug|Any CPU.ActiveCfg = Debug|Any CPU
		{017DD0DC-32DE-47EF-8CD0-4E1913BD7608}.Debug|Any CPU.Build.0 = Debug|Any CPU
		{017DD0DC-32DE-47EF-8CD0-4E1913BD7608}.Debug|x64.ActiveCfg = Debug|Any CPU
		{017DD0DC-32DE-47EF-8CD0-4E1913BD7608}.Debug|x64.Build.0 = Debug|Any CPU
		{017DD0DC-32DE-47EF-8CD0-4E1913BD7608}.Debug|x86.ActiveCfg = Debug|Any CPU
		{017DD0DC-32DE-47EF-8CD0-4E1913BD7608}.Debug|x86.Build.0 = Debug|Any CPU
		{017DD0DC-32DE-47EF-8CD0-4E1913BD7608}.Release|Any CPU.ActiveCfg = Release|Any CPU
		{017DD0DC-32DE-47EF-8CD0-4E1913BD7608}.Release|Any CPU.Build.0 = Release|Any CPU
		{017DD0DC-32DE-47EF-8CD0-4E1913BD7608}.Release|x64.ActiveCfg = Release|Any CPU
		{017DD0DC-32DE-47EF-8CD0-4E1913BD7608}.Release|x64.Build.0 = Release|Any CPU
		{017DD0DC-32DE-47EF-8CD0-4E1913BD7608}.Release|x86.ActiveCfg = Release|Any CPU
		{017DD0DC-32DE-47EF-8CD0-4E1913BD7608}.Release|x86.Build.0 = Release|Any CPU
		{65ECAAD5-8318-488A-A668-FBB13D3FBCCB}.Debug|Any CPU.ActiveCfg = Debug|Any CPU
		{65ECAAD5-8318-488A-A668-FBB13D3FBCCB}.Debug|Any CPU.Build.0 = Debug|Any CPU
		{65ECAAD5-8318-488A-A668-FBB13D3FBCCB}.Debug|x64.ActiveCfg = Debug|Any CPU
		{65ECAAD5-8318-488A-A668-FBB13D3FBCCB}.Debug|x64.Build.0 = Debug|Any CPU
		{65ECAAD5-8318-488A-A668-FBB13D3FBCCB}.Debug|x86.ActiveCfg = Debug|Any CPU
		{65ECAAD5-8318-488A-A668-FBB13D3FBCCB}.Debug|x86.Build.0 = Debug|Any CPU
		{65ECAAD5-8318-488A-A668-FBB13D3FBCCB}.Release|Any CPU.ActiveCfg = Release|Any CPU
		{65ECAAD5-8318-488A-A668-FBB13D3FBCCB}.Release|Any CPU.Build.0 = Release|Any CPU
		{65ECAAD5-8318-488A-A668-FBB13D3FBCCB}.Release|x64.ActiveCfg = Release|Any CPU
		{65ECAAD5-8318-488A-A668-FBB13D3FBCCB}.Release|x64.Build.0 = Release|Any CPU
		{65ECAAD5-8318-488A-A668-FBB13D3FBCCB}.Release|x86.ActiveCfg = Release|Any CPU
		{65ECAAD5-8318-488A-A668-FBB13D3FBCCB}.Release|x86.Build.0 = Release|Any CPU
		{262D50EA-E232-4672-833C-A8882945900C}.Debug|Any CPU.ActiveCfg = Debug|Any CPU
		{262D50EA-E232-4672-833C-A8882945900C}.Debug|Any CPU.Build.0 = Debug|Any CPU
		{262D50EA-E232-4672-833C-A8882945900C}.Debug|x64.ActiveCfg = Debug|Any CPU
		{262D50EA-E232-4672-833C-A8882945900C}.Debug|x64.Build.0 = Debug|Any CPU
		{262D50EA-E232-4672-833C-A8882945900C}.Debug|x86.ActiveCfg = Debug|Any CPU
		{262D50EA-E232-4672-833C-A8882945900C}.Debug|x86.Build.0 = Debug|Any CPU
		{262D50EA-E232-4672-833C-A8882945900C}.Release|Any CPU.ActiveCfg = Release|Any CPU
		{262D50EA-E232-4672-833C-A8882945900C}.Release|Any CPU.Build.0 = Release|Any CPU
		{262D50EA-E232-4672-833C-A8882945900C}.Release|x64.ActiveCfg = Release|Any CPU
		{262D50EA-E232-4672-833C-A8882945900C}.Release|x64.Build.0 = Release|Any CPU
		{262D50EA-E232-4672-833C-A8882945900C}.Release|x86.ActiveCfg = Release|Any CPU
		{262D50EA-E232-4672-833C-A8882945900C}.Release|x86.Build.0 = Release|Any CPU
		{56D29F87-E5A6-4BB9-82EA-6FD223C00192}.Debug|Any CPU.ActiveCfg = Debug|Any CPU
		{56D29F87-E5A6-4BB9-82EA-6FD223C00192}.Debug|Any CPU.Build.0 = Debug|Any CPU
		{56D29F87-E5A6-4BB9-82EA-6FD223C00192}.Debug|x64.ActiveCfg = Debug|Any CPU
		{56D29F87-E5A6-4BB9-82EA-6FD223C00192}.Debug|x64.Build.0 = Debug|Any CPU
		{56D29F87-E5A6-4BB9-82EA-6FD223C00192}.Debug|x86.ActiveCfg = Debug|Any CPU
		{56D29F87-E5A6-4BB9-82EA-6FD223C00192}.Debug|x86.Build.0 = Debug|Any CPU
		{56D29F87-E5A6-4BB9-82EA-6FD223C00192}.Release|Any CPU.ActiveCfg = Release|Any CPU
		{56D29F87-E5A6-4BB9-82EA-6FD223C00192}.Release|Any CPU.Build.0 = Release|Any CPU
		{56D29F87-E5A6-4BB9-82EA-6FD223C00192}.Release|x64.ActiveCfg = Release|Any CPU
		{56D29F87-E5A6-4BB9-82EA-6FD223C00192}.Release|x64.Build.0 = Release|Any CPU
		{56D29F87-E5A6-4BB9-82EA-6FD223C00192}.Release|x86.ActiveCfg = Release|Any CPU
		{56D29F87-E5A6-4BB9-82EA-6FD223C00192}.Release|x86.Build.0 = Release|Any CPU
		{2BE089A4-09BF-46C4-A360-3CD9D04B2DF4}.Debug|Any CPU.ActiveCfg = Debug|Any CPU
		{2BE089A4-09BF-46C4-A360-3CD9D04B2DF4}.Debug|Any CPU.Build.0 = Debug|Any CPU
		{2BE089A4-09BF-46C4-A360-3CD9D04B2DF4}.Debug|x64.ActiveCfg = Debug|Any CPU
		{2BE089A4-09BF-46C4-A360-3CD9D04B2DF4}.Debug|x64.Build.0 = Debug|Any CPU
		{2BE089A4-09BF-46C4-A360-3CD9D04B2DF4}.Debug|x86.ActiveCfg = Debug|Any CPU
		{2BE089A4-09BF-46C4-A360-3CD9D04B2DF4}.Debug|x86.Build.0 = Debug|Any CPU
		{2BE089A4-09BF-46C4-A360-3CD9D04B2DF4}.Release|Any CPU.ActiveCfg = Release|Any CPU
		{2BE089A4-09BF-46C4-A360-3CD9D04B2DF4}.Release|Any CPU.Build.0 = Release|Any CPU
		{2BE089A4-09BF-46C4-A360-3CD9D04B2DF4}.Release|x64.ActiveCfg = Release|Any CPU
		{2BE089A4-09BF-46C4-A360-3CD9D04B2DF4}.Release|x64.Build.0 = Release|Any CPU
		{2BE089A4-09BF-46C4-A360-3CD9D04B2DF4}.Release|x86.ActiveCfg = Release|Any CPU
		{2BE089A4-09BF-46C4-A360-3CD9D04B2DF4}.Release|x86.Build.0 = Release|Any CPU
		{90A54E87-19FA-4D1D-9462-DD411EA6CF63}.Debug|Any CPU.ActiveCfg = Debug|Any CPU
		{90A54E87-19FA-4D1D-9462-DD411EA6CF63}.Debug|Any CPU.Build.0 = Debug|Any CPU
		{90A54E87-19FA-4D1D-9462-DD411EA6CF63}.Debug|x64.ActiveCfg = Debug|Any CPU
		{90A54E87-19FA-4D1D-9462-DD411EA6CF63}.Debug|x64.Build.0 = Debug|Any CPU
		{90A54E87-19FA-4D1D-9462-DD411EA6CF63}.Debug|x86.ActiveCfg = Debug|Any CPU
		{90A54E87-19FA-4D1D-9462-DD411EA6CF63}.Debug|x86.Build.0 = Debug|Any CPU
		{90A54E87-19FA-4D1D-9462-DD411EA6CF63}.Release|Any CPU.ActiveCfg = Release|Any CPU
		{90A54E87-19FA-4D1D-9462-DD411EA6CF63}.Release|Any CPU.Build.0 = Release|Any CPU
		{90A54E87-19FA-4D1D-9462-DD411EA6CF63}.Release|x64.ActiveCfg = Release|Any CPU
		{90A54E87-19FA-4D1D-9462-DD411EA6CF63}.Release|x64.Build.0 = Release|Any CPU
		{90A54E87-19FA-4D1D-9462-DD411EA6CF63}.Release|x86.ActiveCfg = Release|Any CPU
		{90A54E87-19FA-4D1D-9462-DD411EA6CF63}.Release|x86.Build.0 = Release|Any CPU
		{F818CB70-66CB-4284-9F13-86E7A956B3A0}.Debug|Any CPU.ActiveCfg = Debug|Any CPU
		{F818CB70-66CB-4284-9F13-86E7A956B3A0}.Debug|Any CPU.Build.0 = Debug|Any CPU
		{F818CB70-66CB-4284-9F13-86E7A956B3A0}.Debug|x64.ActiveCfg = Debug|Any CPU
		{F818CB70-66CB-4284-9F13-86E7A956B3A0}.Debug|x64.Build.0 = Debug|Any CPU
		{F818CB70-66CB-4284-9F13-86E7A956B3A0}.Debug|x86.ActiveCfg = Debug|Any CPU
		{F818CB70-66CB-4284-9F13-86E7A956B3A0}.Debug|x86.Build.0 = Debug|Any CPU
		{F818CB70-66CB-4284-9F13-86E7A956B3A0}.Release|Any CPU.ActiveCfg = Release|Any CPU
		{F818CB70-66CB-4284-9F13-86E7A956B3A0}.Release|Any CPU.Build.0 = Release|Any CPU
		{F818CB70-66CB-4284-9F13-86E7A956B3A0}.Release|x64.ActiveCfg = Release|Any CPU
		{F818CB70-66CB-4284-9F13-86E7A956B3A0}.Release|x64.Build.0 = Release|Any CPU
		{F818CB70-66CB-4284-9F13-86E7A956B3A0}.Release|x86.ActiveCfg = Release|Any CPU
		{F818CB70-66CB-4284-9F13-86E7A956B3A0}.Release|x86.Build.0 = Release|Any CPU
		{5B980FBF-3EBB-4AB3-9AA5-3D8732406E6F}.Debug|Any CPU.ActiveCfg = Debug|Any CPU
		{5B980FBF-3EBB-4AB3-9AA5-3D8732406E6F}.Debug|Any CPU.Build.0 = Debug|Any CPU
		{5B980FBF-3EBB-4AB3-9AA5-3D8732406E6F}.Debug|x64.ActiveCfg = Debug|Any CPU
		{5B980FBF-3EBB-4AB3-9AA5-3D8732406E6F}.Debug|x64.Build.0 = Debug|Any CPU
		{5B980FBF-3EBB-4AB3-9AA5-3D8732406E6F}.Debug|x86.ActiveCfg = Debug|Any CPU
		{5B980FBF-3EBB-4AB3-9AA5-3D8732406E6F}.Debug|x86.Build.0 = Debug|Any CPU
		{5B980FBF-3EBB-4AB3-9AA5-3D8732406E6F}.Release|Any CPU.ActiveCfg = Release|Any CPU
		{5B980FBF-3EBB-4AB3-9AA5-3D8732406E6F}.Release|Any CPU.Build.0 = Release|Any CPU
		{5B980FBF-3EBB-4AB3-9AA5-3D8732406E6F}.Release|x64.ActiveCfg = Release|Any CPU
		{5B980FBF-3EBB-4AB3-9AA5-3D8732406E6F}.Release|x64.Build.0 = Release|Any CPU
		{5B980FBF-3EBB-4AB3-9AA5-3D8732406E6F}.Release|x86.ActiveCfg = Release|Any CPU
		{5B980FBF-3EBB-4AB3-9AA5-3D8732406E6F}.Release|x86.Build.0 = Release|Any CPU
		{678D7E7F-1429-4B7B-BCD5-C260D28B075D}.Debug|Any CPU.ActiveCfg = Debug|x64
		{678D7E7F-1429-4B7B-BCD5-C260D28B075D}.Debug|Any CPU.Build.0 = Debug|x64
		{678D7E7F-1429-4B7B-BCD5-C260D28B075D}.Debug|x64.ActiveCfg = Debug|x64
		{678D7E7F-1429-4B7B-BCD5-C260D28B075D}.Debug|x64.Build.0 = Debug|x64
		{678D7E7F-1429-4B7B-BCD5-C260D28B075D}.Debug|x86.ActiveCfg = Debug|Win32
		{678D7E7F-1429-4B7B-BCD5-C260D28B075D}.Debug|x86.Build.0 = Debug|Win32
		{678D7E7F-1429-4B7B-BCD5-C260D28B075D}.Release|Any CPU.ActiveCfg = Release|x64
		{678D7E7F-1429-4B7B-BCD5-C260D28B075D}.Release|Any CPU.Build.0 = Release|x64
		{678D7E7F-1429-4B7B-BCD5-C260D28B075D}.Release|x64.ActiveCfg = Release|x64
		{678D7E7F-1429-4B7B-BCD5-C260D28B075D}.Release|x64.Build.0 = Release|x64
		{678D7E7F-1429-4B7B-BCD5-C260D28B075D}.Release|x86.ActiveCfg = Release|Win32
		{678D7E7F-1429-4B7B-BCD5-C260D28B075D}.Release|x86.Build.0 = Release|Win32
		{6139A60A-F97A-4A9F-A083-8AA123ED8441}.Debug|Any CPU.ActiveCfg = Debug|Any CPU
		{6139A60A-F97A-4A9F-A083-8AA123ED8441}.Debug|Any CPU.Build.0 = Debug|Any CPU
		{6139A60A-F97A-4A9F-A083-8AA123ED8441}.Debug|x64.ActiveCfg = Debug|Any CPU
		{6139A60A-F97A-4A9F-A083-8AA123ED8441}.Debug|x64.Build.0 = Debug|Any CPU
		{6139A60A-F97A-4A9F-A083-8AA123ED8441}.Debug|x86.ActiveCfg = Debug|Any CPU
		{6139A60A-F97A-4A9F-A083-8AA123ED8441}.Debug|x86.Build.0 = Debug|Any CPU
		{6139A60A-F97A-4A9F-A083-8AA123ED8441}.Release|Any CPU.ActiveCfg = Release|Any CPU
		{6139A60A-F97A-4A9F-A083-8AA123ED8441}.Release|Any CPU.Build.0 = Release|Any CPU
		{6139A60A-F97A-4A9F-A083-8AA123ED8441}.Release|x64.ActiveCfg = Release|Any CPU
		{6139A60A-F97A-4A9F-A083-8AA123ED8441}.Release|x64.Build.0 = Release|Any CPU
		{6139A60A-F97A-4A9F-A083-8AA123ED8441}.Release|x86.ActiveCfg = Release|Any CPU
		{6139A60A-F97A-4A9F-A083-8AA123ED8441}.Release|x86.Build.0 = Release|Any CPU
		{7665D9B4-8394-4904-852A-806D7AE75F14}.Debug|Any CPU.ActiveCfg = Debug|Any CPU
		{7665D9B4-8394-4904-852A-806D7AE75F14}.Debug|Any CPU.Build.0 = Debug|Any CPU
		{7665D9B4-8394-4904-852A-806D7AE75F14}.Debug|x64.ActiveCfg = Debug|Any CPU
		{7665D9B4-8394-4904-852A-806D7AE75F14}.Debug|x64.Build.0 = Debug|Any CPU
		{7665D9B4-8394-4904-852A-806D7AE75F14}.Debug|x86.ActiveCfg = Debug|Any CPU
		{7665D9B4-8394-4904-852A-806D7AE75F14}.Debug|x86.Build.0 = Debug|Any CPU
		{7665D9B4-8394-4904-852A-806D7AE75F14}.Release|Any CPU.ActiveCfg = Release|Any CPU
		{7665D9B4-8394-4904-852A-806D7AE75F14}.Release|Any CPU.Build.0 = Release|Any CPU
		{7665D9B4-8394-4904-852A-806D7AE75F14}.Release|x64.ActiveCfg = Release|Any CPU
		{7665D9B4-8394-4904-852A-806D7AE75F14}.Release|x64.Build.0 = Release|Any CPU
		{7665D9B4-8394-4904-852A-806D7AE75F14}.Release|x86.ActiveCfg = Release|Any CPU
		{7665D9B4-8394-4904-852A-806D7AE75F14}.Release|x86.Build.0 = Release|Any CPU
		{23D37684-F661-4200-AB7E-9B91C5EDCE3B}.Debug|Any CPU.ActiveCfg = Debug|Any CPU
		{23D37684-F661-4200-AB7E-9B91C5EDCE3B}.Debug|Any CPU.Build.0 = Debug|Any CPU
		{23D37684-F661-4200-AB7E-9B91C5EDCE3B}.Debug|x64.ActiveCfg = Debug|Any CPU
		{23D37684-F661-4200-AB7E-9B91C5EDCE3B}.Debug|x64.Build.0 = Debug|Any CPU
		{23D37684-F661-4200-AB7E-9B91C5EDCE3B}.Debug|x86.ActiveCfg = Debug|Any CPU
		{23D37684-F661-4200-AB7E-9B91C5EDCE3B}.Debug|x86.Build.0 = Debug|Any CPU
		{23D37684-F661-4200-AB7E-9B91C5EDCE3B}.Release|Any CPU.ActiveCfg = Release|Any CPU
		{23D37684-F661-4200-AB7E-9B91C5EDCE3B}.Release|Any CPU.Build.0 = Release|Any CPU
		{23D37684-F661-4200-AB7E-9B91C5EDCE3B}.Release|x64.ActiveCfg = Release|Any CPU
		{23D37684-F661-4200-AB7E-9B91C5EDCE3B}.Release|x64.Build.0 = Release|Any CPU
		{23D37684-F661-4200-AB7E-9B91C5EDCE3B}.Release|x86.ActiveCfg = Release|Any CPU
		{23D37684-F661-4200-AB7E-9B91C5EDCE3B}.Release|x86.Build.0 = Release|Any CPU
		{A0DE7389-A168-4DDA-A6D1-7423EB4A84FE}.Debug|Any CPU.ActiveCfg = Debug|Any CPU
		{A0DE7389-A168-4DDA-A6D1-7423EB4A84FE}.Debug|Any CPU.Build.0 = Debug|Any CPU
		{A0DE7389-A168-4DDA-A6D1-7423EB4A84FE}.Debug|x64.ActiveCfg = Debug|Any CPU
		{A0DE7389-A168-4DDA-A6D1-7423EB4A84FE}.Debug|x64.Build.0 = Debug|Any CPU
		{A0DE7389-A168-4DDA-A6D1-7423EB4A84FE}.Debug|x86.ActiveCfg = Debug|Any CPU
		{A0DE7389-A168-4DDA-A6D1-7423EB4A84FE}.Debug|x86.Build.0 = Debug|Any CPU
		{A0DE7389-A168-4DDA-A6D1-7423EB4A84FE}.Release|Any CPU.ActiveCfg = Release|Any CPU
		{A0DE7389-A168-4DDA-A6D1-7423EB4A84FE}.Release|Any CPU.Build.0 = Release|Any CPU
		{A0DE7389-A168-4DDA-A6D1-7423EB4A84FE}.Release|x64.ActiveCfg = Release|Any CPU
		{A0DE7389-A168-4DDA-A6D1-7423EB4A84FE}.Release|x64.Build.0 = Release|Any CPU
		{A0DE7389-A168-4DDA-A6D1-7423EB4A84FE}.Release|x86.ActiveCfg = Release|Any CPU
		{A0DE7389-A168-4DDA-A6D1-7423EB4A84FE}.Release|x86.Build.0 = Release|Any CPU
		{D89B6DE7-E7A3-4DCC-9CA5-2784B882D6C7}.Debug|Any CPU.ActiveCfg = Debug|Any CPU
		{D89B6DE7-E7A3-4DCC-9CA5-2784B882D6C7}.Debug|Any CPU.Build.0 = Debug|Any CPU
		{D89B6DE7-E7A3-4DCC-9CA5-2784B882D6C7}.Debug|x64.ActiveCfg = Debug|Any CPU
		{D89B6DE7-E7A3-4DCC-9CA5-2784B882D6C7}.Debug|x64.Build.0 = Debug|Any CPU
		{D89B6DE7-E7A3-4DCC-9CA5-2784B882D6C7}.Debug|x86.ActiveCfg = Debug|Any CPU
		{D89B6DE7-E7A3-4DCC-9CA5-2784B882D6C7}.Debug|x86.Build.0 = Debug|Any CPU
		{D89B6DE7-E7A3-4DCC-9CA5-2784B882D6C7}.Release|Any CPU.ActiveCfg = Release|Any CPU
		{D89B6DE7-E7A3-4DCC-9CA5-2784B882D6C7}.Release|Any CPU.Build.0 = Release|Any CPU
		{D89B6DE7-E7A3-4DCC-9CA5-2784B882D6C7}.Release|x64.ActiveCfg = Release|Any CPU
		{D89B6DE7-E7A3-4DCC-9CA5-2784B882D6C7}.Release|x64.Build.0 = Release|Any CPU
		{D89B6DE7-E7A3-4DCC-9CA5-2784B882D6C7}.Release|x86.ActiveCfg = Release|Any CPU
		{D89B6DE7-E7A3-4DCC-9CA5-2784B882D6C7}.Release|x86.Build.0 = Release|Any CPU
		{21195C31-3C97-4127-88F7-BBD76E3E33C3}.Debug|Any CPU.ActiveCfg = Debug|Any CPU
		{21195C31-3C97-4127-88F7-BBD76E3E33C3}.Debug|Any CPU.Build.0 = Debug|Any CPU
		{21195C31-3C97-4127-88F7-BBD76E3E33C3}.Debug|x64.ActiveCfg = Debug|Any CPU
		{21195C31-3C97-4127-88F7-BBD76E3E33C3}.Debug|x64.Build.0 = Debug|Any CPU
		{21195C31-3C97-4127-88F7-BBD76E3E33C3}.Debug|x86.ActiveCfg = Debug|Any CPU
		{21195C31-3C97-4127-88F7-BBD76E3E33C3}.Debug|x86.Build.0 = Debug|Any CPU
		{21195C31-3C97-4127-88F7-BBD76E3E33C3}.Release|Any CPU.ActiveCfg = Release|Any CPU
		{21195C31-3C97-4127-88F7-BBD76E3E33C3}.Release|Any CPU.Build.0 = Release|Any CPU
		{21195C31-3C97-4127-88F7-BBD76E3E33C3}.Release|x64.ActiveCfg = Release|Any CPU
		{21195C31-3C97-4127-88F7-BBD76E3E33C3}.Release|x64.Build.0 = Release|Any CPU
		{21195C31-3C97-4127-88F7-BBD76E3E33C3}.Release|x86.ActiveCfg = Release|Any CPU
		{21195C31-3C97-4127-88F7-BBD76E3E33C3}.Release|x86.Build.0 = Release|Any CPU
		{391B3534-66FB-4CF2-9673-03ADC360D0BA}.Debug|Any CPU.ActiveCfg = Debug|Any CPU
		{391B3534-66FB-4CF2-9673-03ADC360D0BA}.Debug|Any CPU.Build.0 = Debug|Any CPU
		{391B3534-66FB-4CF2-9673-03ADC360D0BA}.Debug|x64.ActiveCfg = Debug|Any CPU
		{391B3534-66FB-4CF2-9673-03ADC360D0BA}.Debug|x64.Build.0 = Debug|Any CPU
		{391B3534-66FB-4CF2-9673-03ADC360D0BA}.Debug|x86.ActiveCfg = Debug|Any CPU
		{391B3534-66FB-4CF2-9673-03ADC360D0BA}.Debug|x86.Build.0 = Debug|Any CPU
		{391B3534-66FB-4CF2-9673-03ADC360D0BA}.Release|Any CPU.ActiveCfg = Release|Any CPU
		{391B3534-66FB-4CF2-9673-03ADC360D0BA}.Release|Any CPU.Build.0 = Release|Any CPU
		{391B3534-66FB-4CF2-9673-03ADC360D0BA}.Release|x64.ActiveCfg = Release|Any CPU
		{391B3534-66FB-4CF2-9673-03ADC360D0BA}.Release|x64.Build.0 = Release|Any CPU
		{391B3534-66FB-4CF2-9673-03ADC360D0BA}.Release|x86.ActiveCfg = Release|Any CPU
		{391B3534-66FB-4CF2-9673-03ADC360D0BA}.Release|x86.Build.0 = Release|Any CPU
	EndGlobalSection
	GlobalSection(SolutionProperties) = preSolution
		HideSolutionNode = FALSE
	EndGlobalSection
	GlobalSection(ExtensibilityGlobals) = postSolution
		SolutionGuid = {18F912EA-0723-46C5-830E-2C4AF76D7E75}
	EndGlobalSection
EndGlobal
